
Microsoft Visual Studio Solution File, Format Version 12.00
# Visual Studio Version 17
VisualStudioVersion = 17.3.32811.315
MinimumVisualStudioVersion = 10.0.40219.1
Project("{FAE04EC0-301F-11D3-BF4B-00C04F79EFBC}") = "PROG1210 - Assignment 1 (ASP Web Test Application)", "PROG1210 - Assignment 1 (ASP Web Test Application)\PROG1210 - Assignment 1 (ASP Web Test Application).csproj", "{66A4909F-0498-4C48-A3BB-30EE25CFBE55}"
EndProject
Global
	GlobalSection(SolutionConfigurationPlatforms) = preSolution
		Debug|Any CPU = Debug|Any CPU
		Release|Any CPU = Release|Any CPU
	EndGlobalSection
	GlobalSection(ProjectConfigurationPlatforms) = postSolution
		{66A4909F-0498-4C48-A3BB-30EE25CFBE55}.Debug|Any CPU.ActiveCfg = Debug|Any CPU
		{66A4909F-0498-4C48-A3BB-30EE25CFBE55}.Debug|Any CPU.Build.0 = Debug|Any CPU
		{66A4909F-0498-4C48-A3BB-30EE25CFBE55}.Release|Any CPU.ActiveCfg = Release|Any CPU
		{66A4909F-0498-4C48-A3BB-30EE25CFBE55}.Release|Any CPU.Build.0 = Release|Any CPU
	EndGlobalSection
	GlobalSection(SolutionProperties) = preSolution
		HideSolutionNode = FALSE
	EndGlobalSection
	GlobalSection(ExtensibilityGlobals) = postSolution
		SolutionGuid = {1D8BEADC-10A9-4490-B8E8-23183F4EE2B1}
	EndGlobalSection
EndGlobal
