
Microsoft Visual Studio Solution File, Format Version 12.00
# Visual Studio Version 17
VisualStudioVersion = 17.3.32811.315
MinimumVisualStudioVersion = 10.0.40219.1
Project("{FAE04EC0-301F-11D3-BF4B-00C04F79EFBC}") = "EmmasClassLibraryPROG1210", "EmmasClassLibraryPROG1210\EmmasClassLibraryPROG1210.csproj", "{CE8DF112-F06D-4341-9216-146E20DE5D73}"
EndProject
Project("{FAE04EC0-301F-11D3-BF4B-00C04F79EFBC}") = "EmmasWebApp", "EmmasWebApp\EmmasWebApp.csproj", "{4A6DBB4B-C3D9-493B-9D27-F4FA0C28459E}"
EndProject
Global
	GlobalSection(SolutionConfigurationPlatforms) = preSolution
		Debug|Any CPU = Debug|Any CPU
		Release|Any CPU = Release|Any CPU
	EndGlobalSection
	GlobalSection(ProjectConfigurationPlatforms) = postSolution
		{CE8DF112-F06D-4341-9216-146E20DE5D73}.Debug|Any CPU.ActiveCfg = Debug|Any CPU
		{CE8DF112-F06D-4341-9216-146E20DE5D73}.Debug|Any CPU.Build.0 = Debug|Any CPU
		{CE8DF112-F06D-4341-9216-146E20DE5D73}.Release|Any CPU.ActiveCfg = Release|Any CPU
		{CE8DF112-F06D-4341-9216-146E20DE5D73}.Release|Any CPU.Build.0 = Release|Any CPU
		{4A6DBB4B-C3D9-493B-9D27-F4FA0C28459E}.Debug|Any CPU.ActiveCfg = Debug|Any CPU
		{4A6DBB4B-C3D9-493B-9D27-F4FA0C28459E}.Debug|Any CPU.Build.0 = Debug|Any CPU
		{4A6DBB4B-C3D9-493B-9D27-F4FA0C28459E}.Release|Any CPU.ActiveCfg = Release|Any CPU
		{4A6DBB4B-C3D9-493B-9D27-F4FA0C28459E}.Release|Any CPU.Build.0 = Release|Any CPU
	EndGlobalSection
	GlobalSection(SolutionProperties) = preSolution
		HideSolutionNode = FALSE
	EndGlobalSection
	GlobalSection(ExtensibilityGlobals) = postSolution
		SolutionGuid = {47799316-C047-44B4-8089-122FDECDFDB7}
	EndGlobalSection
EndGlobal
